{
  "name": "c-svga",
  "version": "1.0.16",
  "lockfileVersion": 2,
  "requires": true,
  "packages": {
    "": {
      "version": "1.0.16",
      "dependencies": {
        "howler": "^2.2.3",
        "svgaplayer-weapp": "^1.0.0",
        "svgaplayerweb": "^2.3.2"
      },
      "engines": {
        "HBuilderX": "^3.7.0"
      }
    },
    "node_modules/howler": {
      "version": "2.2.4",
      "resolved": "https://registry.npmmirror.com/howler/-/howler-2.2.4.tgz",
      "integrity": "sha512-iARIBPgcQrwtEr+tALF+rapJ8qSc+Set2GJQl7xT1MQzWaVkFebdJhR3alVlSiUf5U7nAANKuj3aWpwerocD5w=="
    },
    "node_modules/svgaplayer-weapp": {
      "version": "1.0.0",
      "resolved": "https://registry.npmmirror.com/svgaplayer-weapp/-/svgaplayer-weapp-1.0.0.tgz",
      "integrity": "sha512-zH3y9rBHcvoRVsKwuuiRQkOP0cPeyFMxz9NJQZF+uvqwH7uO/LKLS0vEvjrRh2WhfynoXWsxxSTzWpc4Ix2cJw=="
    },
    "node_modules/svgaplayerweb": {
      "version": "2.3.2",
      "resolved": "https://registry.npmmirror.com/svgaplayerweb/-/svgaplayerweb-2.3.2.tgz",
      "integrity": "sha512-QuTvNIgy3W6Mi4h74SczEHUtAwb8m3ax7Ai7xRLUuN6hjJh49RGtWOWq1IuF2I7ECcl0HAYn8FcTn99UDz9UiQ=="
    }
  },
  "dependencies": {
    "howler": {
      "version": "2.2.4",
      "resolved": "https://registry.npmmirror.com/howler/-/howler-2.2.4.tgz",
      "integrity": "sha512-iARIBPgcQrwtEr+tALF+rapJ8qSc+Set2GJQl7xT1MQzWaVkFebdJhR3alVlSiUf5U7nAANKuj3aWpwerocD5w=="
    },
    "svgaplayer-weapp": {
      "version": "1.0.0",
      "resolved": "https://registry.npmmirror.com/svgaplayer-weapp/-/svgaplayer-weapp-1.0.0.tgz",
      "integrity": "sha512-zH3y9rBHcvoRVsKwuuiRQkOP0cPeyFMxz9NJQZF+uvqwH7uO/LKLS0vEvjrRh2WhfynoXWsxxSTzWpc4Ix2cJw=="
    },
    "svgaplayerweb": {
      "version": "2.3.2",
      "resolved": "https://registry.npmmirror.com/svgaplayerweb/-/svgaplayerweb-2.3.2.tgz",
      "integrity": "sha512-QuTvNIgy3W6Mi4h74SczEHUtAwb8m3ax7Ai7xRLUuN6hjJh49RGtWOWq1IuF2I7ECcl0HAYn8FcTn99UDz9UiQ=="
    }
  }
}
